PODS:
  - LayerTreeInspector (0.1.0)

DEPENDENCIES:
  - LayerTreeInspector (from `../`)

EXTERNAL SOURCES:
  LayerTreeInspector:
    :path: "../"

SPEC CHECKSUMS:
  LayerTreeInspector: 31aa5bb7c1e4f85c4df20e54e3683c1ffffca7dc

PODFILE CHECKSUM: 6c9bfd61a6efff5185eb0a4be4e28363da8a0e08

COCOAPODS: 1.8.4
